// !$*UTF8*$!
{
	archiveVersion = 1;
	classes = {
	};
	objectVersion = 48;
	objects = {

/* Begin PBXBuildFile section */
		C494442A1F3DCF9B006F110B /* AppDelegate.swift in Sources */ = {isa = PBXBuildFile; fileRef = C49444291F3DCF9B006F110B /* AppDelegate.swift */; };
		C494442C1F3DCF9B006F110B /* ViewController.swift in Sources */ = {isa = PBXBuildFile; fileRef = C494442B1F3DCF9B006F110B /* ViewController.swift */; };
		C494442F1F3DCF9B006F110B /* Main.storyboard in Resources */ = {isa = PBXBuildFile; fileRef = C494442D1F3DCF9B006F110B /* Main.storyboard */; };
		C49444311F3DCF9B006F110B /* Assets.xcassets in Resources */ = {isa = PBXBuildFile; fileRef = C49444301F3DCF9B006F110B /* Assets.xcassets */; };
		C49444341F3DCF9B006F110B /* LaunchScreen.storyboard in Resources */ = {isa = PBXBuildFile; fileRef = C49444321F3DCF9B006F110B /* LaunchScreen.storyboard */; };
/* End PBXBuildFile section */

/* Begin PBXFileReference section */
		C49444261F3DCF9B006F110B /* dev.app */ = {isa = PBXFileReference; explicitFileType = wrapper.application; includeInIndex = 0; path = dev.app; sourceTree = BUILT_PRODUCTS_DIR; };
		C49444291F3DCF9B006F110B /* AppDelegate.swift */ = {isa = PBXFileReference; lastKnownFileType = sourcecode.swift; path = AppDelegate.swift; sourceTree = "<group>"; };
		C494442B1F3DCF9B006F110B /* ViewController.swift */ = {isa = PBXFileReference; lastKnownFileType = sourcecode.swift; path = ViewController.swift; sourceTree = "<group>"; };
		C494442E1F3DCF9B006F110B /* Base */ = {isa = PBXFileReference; lastKnownFileType = file.storyboard; name = Base; path = Base.lproj/Main.storyboard; sourceTree = "<group>"; };
		C49444301F3DCF9B006F110B /* Assets.xcassets */ = {isa = PBXFileReference; lastKnownFileType = folder.assetcatalog; path = Assets.xcassets; sourceTree = "<group>"; };
		C49444331F3DCF9B006F110B /* Base */ = {isa = PBXFileReference; lastKnownFileType = file.storyboard; name = Base; path = Base.lproj/LaunchScreen.storyboard; sourceTree = "<group>"; };
		C49444351F3DCF9B006F110B /* Info.plist */ = {isa = PBXFileReference; lastKnownFileType = text.plist.xml; path = Info.plist; sourceTree = "<group>"; };
/* End PBXFileReference section */

/* Begin PBXFrameworksBuildPhase section */
		C49444231F3DCF9B006F110B /* Frameworks */ = {
			isa = PBXFrameworksBuildPhase;
			buildActionMask = 2147483647;
			files = (
			);
			runOnlyForDeploymentPostprocessing = 0;
		};
/* End PBXFrameworksBuildPhase section */

/* Begin PBXGroup section */
		C494441D1F3DCF9B006F110B = {
			isa = PBXGroup;
			children = (
				C49444281F3DCF9B006F110B /* dev */,
				C49444271F3DCF9B006F110B /* Products */,
			);
			sourceTree = "<group>";
		};
		C49444271F3DCF9B006F110B /* Products */ = {
			isa = PBXGroup;
			children = (
				C49444261F3DCF9B006F110B /* dev.app */,
			);
			name = Products;
			sourceTree = "<group>";
		};
		C49444281F3DCF9B006F110B /* dev */ = {
			isa = PBXGroup;
			children = (
				C49444291F3DCF9B006F110B /* AppDelegate.swift */,
				C494442B1F3DCF9B006F110B /* ViewController.swift */,
				C494442D1F3DCF9B006F110B /* Main.storyboard */,
				C49444301F3DCF9B006F110B /* Assets.xcassets */,
				C49444321F3DCF9B006F110B /* LaunchScreen.storyboard */,
				C49444351F3DCF9B006F110B /* Info.plist */,
			);
			path = dev;
			sourceTree = "<group>";
		};
/* End PBXGroup section */

/* Begin PBXNativeTarget section */
		C49444251F3DCF9B006F110B /* dev */ = {
			isa = PBXNativeTarget;
			buildConfigurationList = C49444381F3DCF9B006F110B /* Build configuration list for PBXNativeTarget "dev" */;
			buildPhases = (
				C49444221F3DCF9B006F110B /* Sources */,
				C49444231F3DCF9B006F110B /* Frameworks */,
				C49444241F3DCF9B006F110B /* Resources */,
			);
			buildRules = (
			);
			dependencies = (
			);
			name = dev;
			productName = dev;
			productReference = C49444261F3DCF9B006F110B /* dev.app */;
			productType = "com.apple.product-type.application";
		};
/* End PBXNativeTarget section */

/* Begin PBXProject section */
		C494441E1F3DCF9B006F110B /* Project object */ = {
			isa = PBXProject;
			attributes = {
				LastSwiftUpdateCheck = 0900;
				LastUpgradeCheck = 0900;
				ORGANIZATIONNAME = "Iffat Ngoesmin";
				TargetAttributes = {
					C49444251F3DCF9B006F110B = {
						CreatedOnToolsVersion = 9.0;
					};
				};
			};
			buildConfigurationList = C49444211F3DCF9B006F110B /* Build configuration list for PBXProject "dev" */;
			compatibilityVersion = "Xcode 8.0";
			developmentRegion = en;
			hasScannedForEncodings = 0;
			knownRegions = (
				en,
				Base,
			);
			mainGroup = C494441D1F3DCF9B006F110B;
			productRefGroup = C49444271F3DCF9B006F110B /* Products */;
			projectDirPath = "";
			projectRoot = "";
			targets = (
				C49444251F3DCF9B006F110B /* dev */,
			);
		};
/* End PBXProject section */

/* Begin PBXResourcesBuildPhase section */
		C49444241F3DCF9B006F110B /* Resources */ = {
			isa = PBXResourcesBuildPhase;
			buildActionMask = 2147483647;
			files = (
				C49444341F3DCF9B006F110B /* LaunchScreen.storyboard in Resources */,
				C49444311F3DCF9B006F110B /* Assets.xcassets in Resources */,
				C494442F1F3DCF9B006F110B /* Main.storyboard in Resources */,
			);
			runOnlyForDeploymentPostprocessing = 0;
		};
/* End PBXResourcesBuildPhase section */

/* Begin PBXSourcesBuildPhase section */
		C49444221F3DCF9B006F110B /* Sources */ = {
			isa = PBXSourcesBuildPhase;
			buildActionMask = 2147483647;
			files = (
				C494442C1F3DCF9B006F110B /* ViewController.swift in Sources */,
				C494442A1F3DCF9B006F110B /* AppDelegate.swift in Sources */,
			);
			runOnlyForDeploymentPostprocessing = 0;
		};
/* End PBXSourcesBuildPhase section */

/* Begin PBXVariantGroup section */
		C494442D1F3DCF9B006F110B /* Main.storyboard */ = {
			isa = PBXVariantGroup;
			children = (
				C494442E1F3DCF9B006F110B /* Base */,
			);
			name = Main.storyboard;
			sourceTree = "<group>";
		};
		C49444321F3DCF9B006F110B /* LaunchScreen.storyboard */ = {
			isa = PBXVariantGroup;
			children = (
				C49444331F3DCF9B006F110B /* Base */,
			);
			name = LaunchScreen.storyboard;
			sourceTree = "<group>";
		};
/* End PBXVariantGroup section */

/* Begin XCBuildConfiguration section */
		C49444361F3DCF9B006F110B /* Debug */ = {
			isa = XCBuildConfiguration;
			buildSettings = {
				ALWAYS_SEARCH_USER_PATHS = NO;
				CLANG_ANALYZER_NONNULL = YES;
				CLANG_ANALYZER_NUMBER_OBJECT_CONVERSION = YES_AGGRESSIVE;
				CLANG_CXX_LANGUAGE_STANDARD = "gnu++14";
				CLANG_CXX_LIBRARY = "libc++";
				CLANG_ENABLE_MODULES = YES;
				CLANG_ENABLE_OBJC_ARC = YES;
				CLANG_WARN_BLOCK_CAPTURE_AUTORELEASING = YES;
				CLANG_WARN_BOOL_CONVERSION = YES;
				CLANG_WARN_COMMA = YES;
				CLANG_WARN_CONSTANT_CONVERSION = YES;
				CLANG_WARN_DIRECT_OBJC_ISA_USAGE = YES_ERROR;
				CLANG_WARN_DOCUMENTATION_COMMENTS = YES;
				CLANG_WARN_EMPTY_BODY = YES;
				CLANG_WARN_ENUM_CONVERSION = YES;
				CLANG_WARN_INFINITE_RECURSION = YES;
				CLANG_WARN_INT_CONVERSION = YES;
				CLANG_WARN_NON_LITERAL_NULL_CONVERSION = YES;
				CLANG_WARN_OBJC_LITERAL_CONVERSION = YES;
				CLANG_WARN_OBJC_ROOT_CLASS = YES_ERROR;
				CLANG_WARN_RANGE_LOOP_ANALYSIS = YES;
				CLANG_WARN_STRICT_PROTOTYPES = YES;
				CLANG_WARN_SUSPICIOUS_MOVE = YES;
				CLANG_WARN_UNGUARDED_AVAILABILITY = YES_AGGRESSIVE;
				CLANG_WARN_UNREACHABLE_CODE = YES;
				CLANG_WARN__DUPLICATE_METHOD_MATCH = YES;
				CODE_SIGN_IDENTITY = "iPhone Developer";
				COPY_PHASE_STRIP = NO;
				DEBUG_INFORMATION_FORMAT = dwarf;
				ENABLE_STRICT_OBJC_MSGSEND = YES;
				ENABLE_TESTABILITY = YES;
				GCC_C_LANGUAGE_STANDARD = gnu11;
				GCC_DYNAMIC_NO_PIC = NO;
				GCC_NO_COMMON_BLOCKS = YES;
				GCC_OPTIMIZATION_LEVEL = 0;
				GCC_PREPROCESSOR_DEFINITIONS = (
					"DEBUG=1",
					"$(inherited)",
				);
				GCC_WARN_64_TO_32_BIT_CONVERSION = YES;
				GCC_WARN_ABOUT_RETURN_TYPE = YES_ERROR;
				GCC_WARN_UNDECLARED_SELECTOR = YES;
				GCC_WARN_UNINITIALIZED_AUTOS = YES_AGGRESSIVE;
				GCC_WARN_UNUSED_FUNCTION = YES;
				GCC_WARN_UNUSED_VARIABLE = YES;
				IPHONEOS_DEPLOYMENT_TARGET = 11.0;
				MTL_ENABLE_DEBUG_INFO = YES;
				ONLY_ACTIVE_ARCH = YES;
				SDKROOT = iphoneos;
				SWIFT_ACTIVE_COMPILATION_CONDITIONS = DEBUG;
				SWIFT_OPTIMIZATION_LEVEL = "-Onone";
			};
			name = Debug;
		};
		C49444371F3DCF9B006F110B /* Release */ = {
			isa = XCBuildConfiguration;
			buildSettings = {
				ALWAYS_SEARCH_USER_PATHS = NO;
				CLANG_ANALYZER_NONNULL = YES;
				CLANG_ANALYZER_NUMBER_OBJECT_CONVERSION = YES_AGGRESSIVE;
				CLANG_CXX_LANGUAGE_STANDARD = "gnu++14";
				CLANG_CXX_LIBRARY = "libc++";
				CLANG_ENABLE_MODULES = YES;
				CLANG_ENABLE_OBJC_ARC = YES;
				CLANG_WARN_BLOCK_CAPTURE_AUTORELEASING = YES;
				CLANG_WARN_BOOL_CONVERSION = YES;
				CLANG_WARN_COMMA = YES;
				CLANG_WARN_CONSTANT_CONVERSION = YES;
				CLANG_WARN_DIRECT_OBJC_ISA_USAGE = YES_ERROR;
				CLANG_WARN_DOCUMENTATION_COMMENTS = YES;
				CLANG_WARN_EMPTY_BODY = YES;
				CLANG_WARN_ENUM_CONVERSION = YES;
				CLANG_WARN_INFINITE_RECURSION = YES;
				CLANG_WARN_INT_CONVERSION = YES;
				CLANG_WARN_NON_LITERAL_NULL_CONVERSION = YES;
				CLANG_WARN_OBJC_LITERAL_CONVERSION = YES;
				CLANG_WARN_OBJC_ROOT_CLASS = YES_ERROR;
				CLANG_WARN_RANGE_LOOP_ANALYSIS = YES;
				CLANG_WARN_STRICT_PROTOTYPES = YES;
				CLANG_WARN_SUSPICIOUS_MOVE = YES;
				CLANG_WARN_UNGUARDED_AVAILABILITY = YES_AGGRESSIVE;
				CLANG_WARN_UNREACHABLE_CODE = YES;
				CLANG_WARN__DUPLICATE_METHOD_MATCH = YES;
				CODE_SIGN_IDENTITY = "iPhone Developer";
				COPY_PHASE_STRIP = NO;
				DEBUG_INFORMATION_FORMAT = "dwarf-with-dsym";
				ENABLE_NS_ASSERTIONS = NO;
				ENABLE_STRICT_OBJC_MSGSEND = YES;
				GCC_C_LANGUAGE_STANDARD = gnu11;
				GCC_NO_COMMON_BLOCKS = YES;
				GCC_WARN_64_TO_32_BIT_CONVERSION = YES;
				GCC_WARN_ABOUT_RETURN_TYPE = YES_ERROR;
				GCC_WARN_UNDECLARED_SELECTOR = YES;
				GCC_WARN_UNINITIALIZED_AUTOS = YES_AGGRESSIVE;
				GCC_WARN_UNUSED_FUNCTION = YES;
				GCC_WARN_UNUSED_VARIABLE = YES;
				IPHONEOS_DEPLOYMENT_TARGET = 11.0;
				MTL_ENABLE_DEBUG_INFO = NO;
				SDKROOT = iphoneos;
				SWIFT_OPTIMIZATION_LEVEL = "-Owholemodule";
				VALIDATE_PRODUCT = YES;
			};
			name = Release;
		};
		C49444391F3DCF9B006F110B /* Debug */ = {
			isa = XCBuildConfiguration;
			buildSettings = {
				ASSETCATALOG_COMPILER_APPICON_NAME = AppIcon;
				INFOPLIST_FILE = dev/Info.plist;
				LD_RUNPATH_SEARCH_PATHS = "$(inherited) @executable_path/Frameworks";
				PRODUCT_BUNDLE_IDENTIFIER = com.iffatn.dev;
				PRODUCT_NAME = "$(TARGET_NAME)";
				SWIFT_VERSION = 4.0;
				TARGETED_DEVICE_FAMILY = "1,2";
			};
			name = Debug;
		};
		C494443A1F3DCF9B006F110B /* Release */ = {
			isa = XCBuildConfiguration;
			buildSettings = {
				ASSETCATALOG_COMPILER_APPICON_NAME = AppIcon;
				INFOPLIST_FILE = dev/Info.plist;
				LD_RUNPATH_SEARCH_PATHS = "$(inherited) @executable_path/Frameworks";
				PRODUCT_BUNDLE_IDENTIFIER = com.iffatn.dev;
				PRODUCT_NAME = "$(TARGET_NAME)";
				SWIFT_VERSION = 4.0;
				TARGETED_DEVICE_FAMILY = "1,2";
			};
			name = Release;
		};
/* End XCBuildConfiguration section */

/* Begin XCConfigurationList section */
		C49444211F3DCF9B006F110B /* Build configuration list for PBXProject "dev" */ = {
			isa = XCConfigurationList;
			buildConfigurations = (
				C49444361F3DCF9B006F110B /* Debug */,
				C49444371F3DCF9B006F110B /* Release */,
			);
			defaultConfigurationIsVisible = 0;
			defaultConfigurationName = Release;
		};
		C49444381F3DCF9B006F110B /* Build configuration list for PBXNativeTarget "dev" */ = {
			isa = XCConfigurationList;
			buildConfigurations = (
				C49444391F3DCF9B006F110B /* Debug */,
				C494443A1F3DCF9B006F110B /* Release */,
			);
			defaultConfigurationIsVisible = 0;
			defaultConfigurationName = Release;
		};
/* End XCConfigurationList section */
	};
	rootObject = C494441E1F3DCF9B006F110B /* Project object */;
}
